
Microsoft Visual Studio Solution File, Format Version 12.00
# Visual Studio Version 17
VisualStudioVersion = 17.7.34031.279
MinimumVisualStudioVersion = 10.0.40219.1
Project("{FAE04EC0-301F-11D3-BF4B-00C04F79EFBC}") = "Farm_Program", "Farm_Program.csproj", "{847C0159-45C0-400C-BD76-4B1351FCA7CC}"
EndProject
Project("{FAE04EC0-301F-11D3-BF4B-00C04F79EFBC}") = "Test_Farm_Program", "..\Test_Farm_Program\Test_Farm_Program.csproj", "{E0C72114-325D-4891-8BAA-E893ECFEA96E}"
EndProject
Global
	GlobalSection(SolutionConfigurationPlatforms) = preSolution
		Debug|Any CPU = Debug|Any CPU
		Release|Any CPU = Release|Any CPU
	EndGlobalSection
	GlobalSection(ProjectConfigurationPlatforms) = postSolution
		{847C0159-45C0-400C-BD76-4B1351FCA7CC}.Debug|Any CPU.ActiveCfg = Debug|Any CPU
		{847C0159-45C0-400C-BD76-4B1351FCA7CC}.Debug|Any CPU.Build.0 = Debug|Any CPU
		{847C0159-45C0-400C-BD76-4B1351FCA7CC}.Release|Any CPU.ActiveCfg = Release|Any CPU
		{847C0159-45C0-400C-BD76-4B1351FCA7CC}.Release|Any CPU.Build.0 = Release|Any CPU
		{E0C72114-325D-4891-8BAA-E893ECFEA96E}.Debug|Any CPU.ActiveCfg = Debug|Any CPU
		{E0C72114-325D-4891-8BAA-E893ECFEA96E}.Debug|Any CPU.Build.0 = Debug|Any CPU
		{E0C72114-325D-4891-8BAA-E893ECFEA96E}.Release|Any CPU.ActiveCfg = Release|Any CPU
		{E0C72114-325D-4891-8BAA-E893ECFEA96E}.Release|Any CPU.Build.0 = Release|Any CPU
	EndGlobalSection
	GlobalSection(SolutionProperties) = preSolution
		HideSolutionNode = FALSE
	EndGlobalSection
	GlobalSection(ExtensibilityGlobals) = postSolution
		SolutionGuid = {27E6497C-6E51-4255-9EE5-F122B540734E}
	EndGlobalSection
EndGlobal
